{
  "name": "cofhe-miniapp-template",
  "version": "1.0.0",
  "lockfileVersion": 3,
  "requires": true,
  "packages": {
    "": {
      "name": "cofhe-miniapp-template",
      "version": "1.0.0",
      "license": "MIT",
      "dependencies": {
        "cofhejs": "^0.3.1"
      },
      "engines": {
        "node": ">=18.0.0",
        "npm": ">=8.0.0"
      }
    },
    "node_modules/@types/node": {
      "version": "20.19.23",
      "resolved": "https://registry.npmjs.org/@types/node/-/node-20.19.23.tgz",
      "integrity": "sha512-yIdlVVVHXpmqRhtyovZAcSy0MiPcYWGkoO4CGe/+jpP0hmNuihm4XhHbADpK++MsiLHP5MVlv+bcgdF99kSiFQ==",
      "license": "MIT",
      "dependencies": {
        "undici-types": "~6.21.0"
      }
    },
    "node_modules/cofhejs": {
      "version": "0.3.1",
      "resolved": "https://registry.npmjs.org/cofhejs/-/cofhejs-0.3.1.tgz",
      "integrity": "sha512-yswOoHWxSpvI1ruvBEDmxzf04GCj0p0CVehS2I3YJBuPCWI11FxAvJ0pD/gRzc/ZN59qa2qlf++fq0k/PV0PlA==",
      "license": "MIT",
      "dependencies": {
        "@types/node": "^20.0.0",
        "idb-keyval": "^6.2.1",
        "immer": "^10.1.1",
        "node-tfhe": "0.11.1",
        "tfhe": "0.11.1",
        "tweetnacl": "^1.0.3",
        "tweetnacl-util": "^0.15.1",
        "type-fest": "^4.26.1",
        "zod": "^3.23.8",
        "zustand": "^5.0.1"
      },
      "engines": {
        "node": ">=20.0.0"
      }
    },
    "node_modules/idb-keyval": {
      "version": "6.2.2",
      "resolved": "https://registry.npmjs.org/idb-keyval/-/idb-keyval-6.2.2.tgz",
      "integrity": "sha512-yjD9nARJ/jb1g+CvD0tlhUHOrJ9Sy0P8T9MF3YaLlHnSRpwPfpTX0XIvpmw3gAJUmEu3FiICLBDPXVwyEvrleg==",
      "license": "Apache-2.0"
    },
    "node_modules/immer": {
      "version": "10.2.0",
      "resolved": "https://registry.npmjs.org/immer/-/immer-10.2.0.tgz",
      "integrity": "sha512-d/+XTN3zfODyjr89gM3mPq1WNX2B8pYsu7eORitdwyA2sBubnTl3laYlBk4sXY5FUa5qTZGBDPJICVbvqzjlbw==",
      "license": "MIT",
      "funding": {
        "type": "opencollective",
        "url": "https://opencollective.com/immer"
      }
    },
    "node_modules/node-tfhe": {
      "version": "0.11.1",
      "resolved": "https://registry.npmjs.org/node-tfhe/-/node-tfhe-0.11.1.tgz",
      "integrity": "sha512-QFkIeIZ5IbdvhpkzImwakL2+sZFCTXCwGvOacE1NczR+zgrg5ixHU9KpjuuIi1YbbKFGJEMoSUmivDktuzFaKg==",
      "license": "BSD-3-Clause-Clear"
    },
    "node_modules/tfhe": {
      "version": "0.11.1",
      "resolved": "https://registry.npmjs.org/tfhe/-/tfhe-0.11.1.tgz",
      "integrity": "sha512-D4YeL0DYz4IOV/X7YzKFexkjbJdOdGn2M7mfDNOQW1OxA+NO/Z61BJ6ULLTvdBEQ3N6P985lNO61Drgsjf0g/w==",
      "license": "BSD-3-Clause-Clear"
    },
    "node_modules/tweetnacl": {
      "version": "1.0.3",
      "resolved": "https://registry.npmjs.org/tweetnacl/-/tweetnacl-1.0.3.tgz",
      "integrity": "sha512-6rt+RN7aOi1nGMyC4Xa5DdYiukl2UWCbcJft7YhxReBGQD7OAM8Pbxw6YMo4r2diNEA8FEmu32YOn9rhaiE5yw==",
      "license": "Unlicense"
    },
    "node_modules/tweetnacl-util": {
      "version": "0.15.1",
      "resolved": "https://registry.npmjs.org/tweetnacl-util/-/tweetnacl-util-0.15.1.tgz",
      "integrity": "sha512-RKJBIj8lySrShN4w6i/BonWp2Z/uxwC3h4y7xsRrpP59ZboCd0GpEVsOnMDYLMmKBpYhb5TgHzZXy7wTfYFBRw==",
      "license": "Unlicense"
    },
    "node_modules/type-fest": {
      "version": "4.41.0",
      "resolved": "https://registry.npmjs.org/type-fest/-/type-fest-4.41.0.tgz",
      "integrity": "sha512-TeTSQ6H5YHvpqVwBRcnLDCBnDOHWYu7IvGbHT6N8AOymcr9PJGjc1GTtiWZTYg0NCgYwvnYWEkVChQAr9bjfwA==",
      "license": "(MIT OR CC0-1.0)",
      "engines": {
        "node": ">=16"
      },
      "funding": {
        "url": "https://github.com/sponsors/sindresorhus"
      }
    },
    "node_modules/undici-types": {
      "version": "6.21.0",
      "resolved": "https://registry.npmjs.org/undici-types/-/undici-types-6.21.0.tgz",
      "integrity": "sha512-iwDZqg0QAGrg9Rav5H4n0M64c3mkR59cJ6wQp+7C4nI0gsmExaedaYLNO44eT4AtBBwjbTiGPMlt2Md0T9H9JQ==",
      "license": "MIT"
    },
    "node_modules/zod": {
      "version": "3.25.76",
      "resolved": "https://registry.npmjs.org/zod/-/zod-3.25.76.tgz",
      "integrity": "sha512-gzUt/qt81nXsFGKIFcC3YnfEAx5NkunCfnDlvuBSSFS02bcXu4Lmea0AFIUwbLWxWPx3d9p8S5QoaujKcNQxcQ==",
      "license": "MIT",
      "funding": {
        "url": "https://github.com/sponsors/colinhacks"
      }
    },
    "node_modules/zustand": {
      "version": "5.0.8",
      "resolved": "https://registry.npmjs.org/zustand/-/zustand-5.0.8.tgz",
      "integrity": "sha512-gyPKpIaxY9XcO2vSMrLbiER7QMAMGOQZVRdJ6Zi782jkbzZygq5GI9nG8g+sMgitRtndwaBSl7uiqC49o1SSiw==",
      "license": "MIT",
      "engines": {
        "node": ">=12.20.0"
      },
      "peerDependencies": {
        "@types/react": ">=18.0.0",
        "immer": ">=9.0.6",
        "react": ">=18.0.0",
        "use-sync-external-store": ">=1.2.0"
      },
      "peerDependenciesMeta": {
        "@types/react": {
          "optional": true
        },
        "immer": {
          "optional": true
        },
        "react": {
          "optional": true
        },
        "use-sync-external-store": {
          "optional": true
        }
      }
    }
  }
}
